
Microsoft Visual Studio Solution File, Format Version 12.00
# Visual Studio 14
VisualStudioVersion = 14.0.23107.0
MinimumVisualStudioVersion = 10.0.40219.1
Project("{FAE04EC0-301F-11D3-BF4B-00C04F79EFBC}") = "SmartNoteWCFService", "SmartNoteService\SmartNoteWCFService.csproj", "{CC8BE2AB-170B-4C38-B74D-9B9A644AE088}"
	ProjectSection(ProjectDependencies) = postProject
		{0D0C58B3-BDF0-4623-9F98-0BF7DBA5911B} = {0D0C58B3-BDF0-4623-9F98-0BF7DBA5911B}
	EndProjectSection
EndProject
Project("{FAE04EC0-301F-11D3-BF4B-00C04F79EFBC}") = "SrvSmartNote", "SrvSmartNote\SrvSmartNote.csproj", "{0D0C58B3-BDF0-4623-9F98-0BF7DBA5911B}"
EndProject
Project("{FAE04EC0-301F-11D3-BF4B-00C04F79EFBC}") = "BllSmartNote", "BllSmartNote\BllSmartNote.csproj", "{71A74FC8-43B2-4437-90F3-FEE664A2FD13}"
EndProject
Project("{FAE04EC0-301F-11D3-BF4B-00C04F79EFBC}") = "DalSmartNote", "DalSmartNote\DalSmartNote.csproj", "{1B1F24CA-79C9-4409-85CD-2AC3E83CB58D}"
EndProject
Project("{FAE04EC0-301F-11D3-BF4B-00C04F79EFBC}") = "Entities", "Entities\Entities.csproj", "{FA12FDE0-BA4B-4EEC-AD04-CC1C0C8DE327}"
EndProject
Global
	GlobalSection(SolutionConfigurationPlatforms) = preSolution
		Debug|Any CPU = Debug|Any CPU
		Debug|ARM = Debug|ARM
		Debug|x64 = Debug|x64
		Debug|x86 = Debug|x86
		Release|Any CPU = Release|Any CPU
		Release|ARM = Release|ARM
		Release|x64 = Release|x64
		Release|x86 = Release|x86
	EndGlobalSection
	GlobalSection(ProjectConfigurationPlatforms) = postSolution
		{CC8BE2AB-170B-4C38-B74D-9B9A644AE088}.Debug|Any CPU.ActiveCfg = Debug|Any CPU
		{CC8BE2AB-170B-4C38-B74D-9B9A644AE088}.Debug|Any CPU.Build.0 = Debug|Any CPU
		{CC8BE2AB-170B-4C38-B74D-9B9A644AE088}.Debug|ARM.ActiveCfg = Debug|Any CPU
		{CC8BE2AB-170B-4C38-B74D-9B9A644AE088}.Debug|ARM.Build.0 = Debug|Any CPU
		{CC8BE2AB-170B-4C38-B74D-9B9A644AE088}.Debug|x64.ActiveCfg = Debug|Any CPU
		{CC8BE2AB-170B-4C38-B74D-9B9A644AE088}.Debug|x64.Build.0 = Debug|Any CPU
		{CC8BE2AB-170B-4C38-B74D-9B9A644AE088}.Debug|x86.ActiveCfg = Debug|Any CPU
		{CC8BE2AB-170B-4C38-B74D-9B9A644AE088}.Debug|x86.Build.0 = Debug|Any CPU
		{CC8BE2AB-170B-4C38-B74D-9B9A644AE088}.Release|Any CPU.ActiveCfg = Release|Any CPU
		{CC8BE2AB-170B-4C38-B74D-9B9A644AE088}.Release|Any CPU.Build.0 = Release|Any CPU
		{CC8BE2AB-170B-4C38-B74D-9B9A644AE088}.Release|ARM.ActiveCfg = Release|Any CPU
		{CC8BE2AB-170B-4C38-B74D-9B9A644AE088}.Release|ARM.Build.0 = Release|Any CPU
		{CC8BE2AB-170B-4C38-B74D-9B9A644AE088}.Release|x64.ActiveCfg = Release|Any CPU
		{CC8BE2AB-170B-4C38-B74D-9B9A644AE088}.Release|x64.Build.0 = Release|Any CPU
		{CC8BE2AB-170B-4C38-B74D-9B9A644AE088}.Release|x86.ActiveCfg = Release|Any CPU
		{CC8BE2AB-170B-4C38-B74D-9B9A644AE088}.Release|x86.Build.0 = Release|Any CPU
		{0D0C58B3-BDF0-4623-9F98-0BF7DBA5911B}.Debug|Any CPU.ActiveCfg = Debug|Any CPU
		{0D0C58B3-BDF0-4623-9F98-0BF7DBA5911B}.Debug|Any CPU.Build.0 = Debug|Any CPU
		{0D0C58B3-BDF0-4623-9F98-0BF7DBA5911B}.Debug|ARM.ActiveCfg = Debug|Any CPU
		{0D0C58B3-BDF0-4623-9F98-0BF7DBA5911B}.Debug|ARM.Build.0 = Debug|Any CPU
		{0D0C58B3-BDF0-4623-9F98-0BF7DBA5911B}.Debug|x64.ActiveCfg = Debug|Any CPU
		{0D0C58B3-BDF0-4623-9F98-0BF7DBA5911B}.Debug|x64.Build.0 = Debug|Any CPU
		{0D0C58B3-BDF0-4623-9F98-0BF7DBA5911B}.Debug|x86.ActiveCfg = Debug|Any CPU
		{0D0C58B3-BDF0-4623-9F98-0BF7DBA5911B}.Debug|x86.Build.0 = Debug|Any CPU
		{0D0C58B3-BDF0-4623-9F98-0BF7DBA5911B}.Release|Any CPU.ActiveCfg = Release|Any CPU
		{0D0C58B3-BDF0-4623-9F98-0BF7DBA5911B}.Release|Any CPU.Build.0 = Release|Any CPU
		{0D0C58B3-BDF0-4623-9F98-0BF7DBA5911B}.Release|ARM.ActiveCfg = Release|Any CPU
		{0D0C58B3-BDF0-4623-9F98-0BF7DBA5911B}.Release|ARM.Build.0 = Release|Any CPU
		{0D0C58B3-BDF0-4623-9F98-0BF7DBA5911B}.Release|x64.ActiveCfg = Release|Any CPU
		{0D0C58B3-BDF0-4623-9F98-0BF7DBA5911B}.Release|x64.Build.0 = Release|Any CPU
		{0D0C58B3-BDF0-4623-9F98-0BF7DBA5911B}.Release|x86.ActiveCfg = Release|Any CPU
		{0D0C58B3-BDF0-4623-9F98-0BF7DBA5911B}.Release|x86.Build.0 = Release|Any CPU
		{71A74FC8-43B2-4437-90F3-FEE664A2FD13}.Debug|Any CPU.ActiveCfg = Debug|Any CPU
		{71A74FC8-43B2-4437-90F3-FEE664A2FD13}.Debug|Any CPU.Build.0 = Debug|Any CPU
		{71A74FC8-43B2-4437-90F3-FEE664A2FD13}.Debug|ARM.ActiveCfg = Debug|Any CPU
		{71A74FC8-43B2-4437-90F3-FEE664A2FD13}.Debug|ARM.Build.0 = Debug|Any CPU
		{71A74FC8-43B2-4437-90F3-FEE664A2FD13}.Debug|x64.ActiveCfg = Debug|Any CPU
		{71A74FC8-43B2-4437-90F3-FEE664A2FD13}.Debug|x64.Build.0 = Debug|Any CPU
		{71A74FC8-43B2-4437-90F3-FEE664A2FD13}.Debug|x86.ActiveCfg = Debug|Any CPU
		{71A74FC8-43B2-4437-90F3-FEE664A2FD13}.Debug|x86.Build.0 = Debug|Any CPU
		{71A74FC8-43B2-4437-90F3-FEE664A2FD13}.Release|Any CPU.ActiveCfg = Release|Any CPU
		{71A74FC8-43B2-4437-90F3-FEE664A2FD13}.Release|Any CPU.Build.0 = Release|Any CPU
		{71A74FC8-43B2-4437-90F3-FEE664A2FD13}.Release|ARM.ActiveCfg = Release|Any CPU
		{71A74FC8-43B2-4437-90F3-FEE664A2FD13}.Release|ARM.Build.0 = Release|Any CPU
		{71A74FC8-43B2-4437-90F3-FEE664A2FD13}.Release|x64.ActiveCfg = Release|Any CPU
		{71A74FC8-43B2-4437-90F3-FEE664A2FD13}.Release|x64.Build.0 = Release|Any CPU
		{71A74FC8-43B2-4437-90F3-FEE664A2FD13}.Release|x86.ActiveCfg = Release|Any CPU
		{71A74FC8-43B2-4437-90F3-FEE664A2FD13}.Release|x86.Build.0 = Release|Any CPU
		{1B1F24CA-79C9-4409-85CD-2AC3E83CB58D}.Debug|Any CPU.ActiveCfg = Debug|Any CPU
		{1B1F24CA-79C9-4409-85CD-2AC3E83CB58D}.Debug|Any CPU.Build.0 = Debug|Any CPU
		{1B1F24CA-79C9-4409-85CD-2AC3E83CB58D}.Debug|ARM.ActiveCfg = Debug|Any CPU
		{1B1F24CA-79C9-4409-85CD-2AC3E83CB58D}.Debug|ARM.Build.0 = Debug|Any CPU
		{1B1F24CA-79C9-4409-85CD-2AC3E83CB58D}.Debug|x64.ActiveCfg = Debug|Any CPU
		{1B1F24CA-79C9-4409-85CD-2AC3E83CB58D}.Debug|x64.Build.0 = Debug|Any CPU
		{1B1F24CA-79C9-4409-85CD-2AC3E83CB58D}.Debug|x86.ActiveCfg = Debug|Any CPU
		{1B1F24CA-79C9-4409-85CD-2AC3E83CB58D}.Debug|x86.Build.0 = Debug|Any CPU
		{1B1F24CA-79C9-4409-85CD-2AC3E83CB58D}.Release|Any CPU.ActiveCfg = Release|Any CPU
		{1B1F24CA-79C9-4409-85CD-2AC3E83CB58D}.Release|Any CPU.Build.0 = Release|Any CPU
		{1B1F24CA-79C9-4409-85CD-2AC3E83CB58D}.Release|ARM.ActiveCfg = Release|Any CPU
		{1B1F24CA-79C9-4409-85CD-2AC3E83CB58D}.Release|ARM.Build.0 = Release|Any CPU
		{1B1F24CA-79C9-4409-85CD-2AC3E83CB58D}.Release|x64.ActiveCfg = Release|Any CPU
		{1B1F24CA-79C9-4409-85CD-2AC3E83CB58D}.Release|x64.Build.0 = Release|Any CPU
		{1B1F24CA-79C9-4409-85CD-2AC3E83CB58D}.Release|x86.ActiveCfg = Release|Any CPU
		{1B1F24CA-79C9-4409-85CD-2AC3E83CB58D}.Release|x86.Build.0 = Release|Any CPU
		{FA12FDE0-BA4B-4EEC-AD04-CC1C0C8DE327}.Debug|Any CPU.ActiveCfg = Debug|Any CPU
		{FA12FDE0-BA4B-4EEC-AD04-CC1C0C8DE327}.Debug|Any CPU.Build.0 = Debug|Any CPU
		{FA12FDE0-BA4B-4EEC-AD04-CC1C0C8DE327}.Debug|ARM.ActiveCfg = Debug|Any CPU
		{FA12FDE0-BA4B-4EEC-AD04-CC1C0C8DE327}.Debug|ARM.Build.0 = Debug|Any CPU
		{FA12FDE0-BA4B-4EEC-AD04-CC1C0C8DE327}.Debug|x64.ActiveCfg = Debug|Any CPU
		{FA12FDE0-BA4B-4EEC-AD04-CC1C0C8DE327}.Debug|x64.Build.0 = Debug|Any CPU
		{FA12FDE0-BA4B-4EEC-AD04-CC1C0C8DE327}.Debug|x86.ActiveCfg = Debug|Any CPU
		{FA12FDE0-BA4B-4EEC-AD04-CC1C0C8DE327}.Debug|x86.Build.0 = Debug|Any CPU
		{FA12FDE0-BA4B-4EEC-AD04-CC1C0C8DE327}.Release|Any CPU.ActiveCfg = Release|Any CPU
		{FA12FDE0-BA4B-4EEC-AD04-CC1C0C8DE327}.Release|Any CPU.Build.0 = Release|Any CPU
		{FA12FDE0-BA4B-4EEC-AD04-CC1C0C8DE327}.Release|ARM.ActiveCfg = Release|Any CPU
		{FA12FDE0-BA4B-4EEC-AD04-CC1C0C8DE327}.Release|ARM.Build.0 = Release|Any CPU
		{FA12FDE0-BA4B-4EEC-AD04-CC1C0C8DE327}.Release|x64.ActiveCfg = Release|Any CPU
		{FA12FDE0-BA4B-4EEC-AD04-CC1C0C8DE327}.Release|x64.Build.0 = Release|Any CPU
		{FA12FDE0-BA4B-4EEC-AD04-CC1C0C8DE327}.Release|x86.ActiveCfg = Release|Any CPU
		{FA12FDE0-BA4B-4EEC-AD04-CC1C0C8DE327}.Release|x86.Build.0 = Release|Any CPU
	EndGlobalSection
	GlobalSection(SolutionProperties) = preSolution
		HideSolutionNode = FALSE
	EndGlobalSection
EndGlobal
