
Microsoft Visual Studio Solution File, Format Version 12.00
# Visual Studio 14
VisualStudioVersion = 14.0.23107.0
MinimumVisualStudioVersion = 10.0.40219.1
Project("{FAE04EC0-301F-11D3-BF4B-00C04F79EFBC}") = "SmartNote", "SmartNote\SmartNote.csproj", "{1A6D47B8-F4D9-40D8-BAA7-17935AA6768A}"
EndProject
Project("{FAE04EC0-301F-11D3-BF4B-00C04F79EFBC}") = "DalSmartNote", "DalSmartNote\DalSmartNote.csproj", "{B13942AF-1B78-4358-B3A6-D3A68BB2B527}"
EndProject
Project("{FAE04EC0-301F-11D3-BF4B-00C04F79EFBC}") = "BllSmartNote", "BllSmartNote\BllSmartNote.csproj", "{5A0BD6AD-BE1C-4F6B-9A97-2538627B76DA}"
EndProject
Project("{FAE04EC0-301F-11D3-BF4B-00C04F79EFBC}") = "Entities", "Entities\Entities.csproj", "{BA4B2FBA-CEEC-49EA-B55A-5937B61B1515}"
EndProject
Global
	GlobalSection(SolutionConfigurationPlatforms) = preSolution
		Debug|Any CPU = Debug|Any CPU
		Debug|ARM = Debug|ARM
		Debug|x64 = Debug|x64
		Debug|x86 = Debug|x86
		Release|Any CPU = Release|Any CPU
		Release|ARM = Release|ARM
		Release|x64 = Release|x64
		Release|x86 = Release|x86
	EndGlobalSection
	GlobalSection(ProjectConfigurationPlatforms) = postSolution
		{1A6D47B8-F4D9-40D8-BAA7-17935AA6768A}.Debug|Any CPU.ActiveCfg = Debug|x86
<<<<<<< HEAD
		{1A6D47B8-F4D9-40D8-BAA7-17935AA6768A}.Debug|Any CPU.Build.0 = Debug|x86
=======
>>>>>>> eb11ecb6e1d5e806ecf941c822cdaaa66fd45f37
		{1A6D47B8-F4D9-40D8-BAA7-17935AA6768A}.Debug|ARM.ActiveCfg = Debug|ARM
		{1A6D47B8-F4D9-40D8-BAA7-17935AA6768A}.Debug|ARM.Build.0 = Debug|ARM
		{1A6D47B8-F4D9-40D8-BAA7-17935AA6768A}.Debug|ARM.Deploy.0 = Debug|ARM
		{1A6D47B8-F4D9-40D8-BAA7-17935AA6768A}.Debug|x64.ActiveCfg = Debug|x64
		{1A6D47B8-F4D9-40D8-BAA7-17935AA6768A}.Debug|x64.Build.0 = Debug|x64
		{1A6D47B8-F4D9-40D8-BAA7-17935AA6768A}.Debug|x64.Deploy.0 = Debug|x64
		{1A6D47B8-F4D9-40D8-BAA7-17935AA6768A}.Debug|x86.ActiveCfg = Debug|x86
		{1A6D47B8-F4D9-40D8-BAA7-17935AA6768A}.Debug|x86.Build.0 = Debug|x86
		{1A6D47B8-F4D9-40D8-BAA7-17935AA6768A}.Debug|x86.Deploy.0 = Debug|x86
		{1A6D47B8-F4D9-40D8-BAA7-17935AA6768A}.Release|Any CPU.ActiveCfg = Release|x86
		{1A6D47B8-F4D9-40D8-BAA7-17935AA6768A}.Release|ARM.ActiveCfg = Release|ARM
		{1A6D47B8-F4D9-40D8-BAA7-17935AA6768A}.Release|ARM.Build.0 = Release|ARM
		{1A6D47B8-F4D9-40D8-BAA7-17935AA6768A}.Release|ARM.Deploy.0 = Release|ARM
		{1A6D47B8-F4D9-40D8-BAA7-17935AA6768A}.Release|x64.ActiveCfg = Release|x64
		{1A6D47B8-F4D9-40D8-BAA7-17935AA6768A}.Release|x64.Build.0 = Release|x64
		{1A6D47B8-F4D9-40D8-BAA7-17935AA6768A}.Release|x64.Deploy.0 = Release|x64
		{1A6D47B8-F4D9-40D8-BAA7-17935AA6768A}.Release|x86.ActiveCfg = Release|x86
		{1A6D47B8-F4D9-40D8-BAA7-17935AA6768A}.Release|x86.Build.0 = Release|x86
		{1A6D47B8-F4D9-40D8-BAA7-17935AA6768A}.Release|x86.Deploy.0 = Release|x86
		{B13942AF-1B78-4358-B3A6-D3A68BB2B527}.Debug|Any CPU.ActiveCfg = Debug|Any CPU
		{B13942AF-1B78-4358-B3A6-D3A68BB2B527}.Debug|Any CPU.Build.0 = Debug|Any CPU
		{B13942AF-1B78-4358-B3A6-D3A68BB2B527}.Debug|ARM.ActiveCfg = Debug|ARM
		{B13942AF-1B78-4358-B3A6-D3A68BB2B527}.Debug|ARM.Build.0 = Debug|ARM
		{B13942AF-1B78-4358-B3A6-D3A68BB2B527}.Debug|x64.ActiveCfg = Debug|x64
		{B13942AF-1B78-4358-B3A6-D3A68BB2B527}.Debug|x64.Build.0 = Debug|x64
		{B13942AF-1B78-4358-B3A6-D3A68BB2B527}.Debug|x86.ActiveCfg = Debug|x86
		{B13942AF-1B78-4358-B3A6-D3A68BB2B527}.Debug|x86.Build.0 = Debug|x86
		{B13942AF-1B78-4358-B3A6-D3A68BB2B527}.Release|Any CPU.ActiveCfg = Release|Any CPU
		{B13942AF-1B78-4358-B3A6-D3A68BB2B527}.Release|Any CPU.Build.0 = Release|Any CPU
		{B13942AF-1B78-4358-B3A6-D3A68BB2B527}.Release|ARM.ActiveCfg = Release|ARM
		{B13942AF-1B78-4358-B3A6-D3A68BB2B527}.Release|ARM.Build.0 = Release|ARM
		{B13942AF-1B78-4358-B3A6-D3A68BB2B527}.Release|x64.ActiveCfg = Release|x64
		{B13942AF-1B78-4358-B3A6-D3A68BB2B527}.Release|x64.Build.0 = Release|x64
		{B13942AF-1B78-4358-B3A6-D3A68BB2B527}.Release|x86.ActiveCfg = Release|x86
		{B13942AF-1B78-4358-B3A6-D3A68BB2B527}.Release|x86.Build.0 = Release|x86
		{5A0BD6AD-BE1C-4F6B-9A97-2538627B76DA}.Debug|Any CPU.ActiveCfg = Debug|Any CPU
		{5A0BD6AD-BE1C-4F6B-9A97-2538627B76DA}.Debug|Any CPU.Build.0 = Debug|Any CPU
		{5A0BD6AD-BE1C-4F6B-9A97-2538627B76DA}.Debug|ARM.ActiveCfg = Debug|ARM
		{5A0BD6AD-BE1C-4F6B-9A97-2538627B76DA}.Debug|ARM.Build.0 = Debug|ARM
		{5A0BD6AD-BE1C-4F6B-9A97-2538627B76DA}.Debug|x64.ActiveCfg = Debug|x64
		{5A0BD6AD-BE1C-4F6B-9A97-2538627B76DA}.Debug|x64.Build.0 = Debug|x64
		{5A0BD6AD-BE1C-4F6B-9A97-2538627B76DA}.Debug|x86.ActiveCfg = Debug|x86
		{5A0BD6AD-BE1C-4F6B-9A97-2538627B76DA}.Debug|x86.Build.0 = Debug|x86
		{5A0BD6AD-BE1C-4F6B-9A97-2538627B76DA}.Release|Any CPU.ActiveCfg = Release|Any CPU
		{5A0BD6AD-BE1C-4F6B-9A97-2538627B76DA}.Release|Any CPU.Build.0 = Release|Any CPU
		{5A0BD6AD-BE1C-4F6B-9A97-2538627B76DA}.Release|ARM.ActiveCfg = Release|ARM
		{5A0BD6AD-BE1C-4F6B-9A97-2538627B76DA}.Release|ARM.Build.0 = Release|ARM
		{5A0BD6AD-BE1C-4F6B-9A97-2538627B76DA}.Release|x64.ActiveCfg = Release|x64
		{5A0BD6AD-BE1C-4F6B-9A97-2538627B76DA}.Release|x64.Build.0 = Release|x64
		{5A0BD6AD-BE1C-4F6B-9A97-2538627B76DA}.Release|x86.ActiveCfg = Release|x86
		{5A0BD6AD-BE1C-4F6B-9A97-2538627B76DA}.Release|x86.Build.0 = Release|x86
		{BA4B2FBA-CEEC-49EA-B55A-5937B61B1515}.Debug|Any CPU.ActiveCfg = Debug|Any CPU
		{BA4B2FBA-CEEC-49EA-B55A-5937B61B1515}.Debug|Any CPU.Build.0 = Debug|Any CPU
		{BA4B2FBA-CEEC-49EA-B55A-5937B61B1515}.Debug|ARM.ActiveCfg = Debug|ARM
		{BA4B2FBA-CEEC-49EA-B55A-5937B61B1515}.Debug|ARM.Build.0 = Debug|ARM
		{BA4B2FBA-CEEC-49EA-B55A-5937B61B1515}.Debug|x64.ActiveCfg = Debug|x64
		{BA4B2FBA-CEEC-49EA-B55A-5937B61B1515}.Debug|x64.Build.0 = Debug|x64
		{BA4B2FBA-CEEC-49EA-B55A-5937B61B1515}.Debug|x86.ActiveCfg = Debug|x86
		{BA4B2FBA-CEEC-49EA-B55A-5937B61B1515}.Debug|x86.Build.0 = Debug|x86
		{BA4B2FBA-CEEC-49EA-B55A-5937B61B1515}.Release|Any CPU.ActiveCfg = Release|Any CPU
		{BA4B2FBA-CEEC-49EA-B55A-5937B61B1515}.Release|Any CPU.Build.0 = Release|Any CPU
		{BA4B2FBA-CEEC-49EA-B55A-5937B61B1515}.Release|ARM.ActiveCfg = Release|ARM
		{BA4B2FBA-CEEC-49EA-B55A-5937B61B1515}.Release|ARM.Build.0 = Release|ARM
		{BA4B2FBA-CEEC-49EA-B55A-5937B61B1515}.Release|x64.ActiveCfg = Release|x64
		{BA4B2FBA-CEEC-49EA-B55A-5937B61B1515}.Release|x64.Build.0 = Release|x64
		{BA4B2FBA-CEEC-49EA-B55A-5937B61B1515}.Release|x86.ActiveCfg = Release|x86
		{BA4B2FBA-CEEC-49EA-B55A-5937B61B1515}.Release|x86.Build.0 = Release|x86
	EndGlobalSection
	GlobalSection(SolutionProperties) = preSolution
		HideSolutionNode = FALSE
	EndGlobalSection
EndGlobal
